
Microsoft Visual Studio Solution File, Format Version 12.00
# Visual Studio Version 17
VisualStudioVersion = 17.8.34330.188
MinimumVisualStudioVersion = 10.0.40219.1
Project("{FAE04EC0-301F-11D3-BF4B-00C04F79EFBC}") = "MedicalDeviceApi", "MedicalDeviceApi\MedicalDeviceApi.csproj", "{101EA687-E775-4CD7-8C66-0E59D9FAAE18}"
EndProject
Global
	GlobalSection(SolutionConfigurationPlatforms) = preSolution
		Debug|Any CPU = Debug|Any CPU
		Release|Any CPU = Release|Any CPU
	EndGlobalSection
	GlobalSection(ProjectConfigurationPlatforms) = postSolution
		{101EA687-E775-4CD7-8C66-0E59D9FAAE18}.Debug|Any CPU.ActiveCfg = Debug|Any CPU
		{101EA687-E775-4CD7-8C66-0E59D9FAAE18}.Debug|Any CPU.Build.0 = Debug|Any CPU
		{101EA687-E775-4CD7-8C66-0E59D9FAAE18}.Release|Any CPU.ActiveCfg = Release|Any CPU
		{101EA687-E775-4CD7-8C66-0E59D9FAAE18}.Release|Any CPU.Build.0 = Release|Any CPU
	EndGlobalSection
	GlobalSection(SolutionProperties) = preSolution
		HideSolutionNode = FALSE
	EndGlobalSection
	GlobalSection(ExtensibilityGlobals) = postSolution
		SolutionGuid = {ED0EC4ED-2D28-4CBC-9161-1C6593A71819}
	EndGlobalSection
EndGlobal
